
Microsoft Visual Studio Solution File, Format Version 12.00
# Visual Studio Version 17
VisualStudioVersion = 17.10.35122.118
MinimumVisualStudioVersion = 10.0.40219.1
Project("{FAE04EC0-301F-11D3-BF4B-00C04F79EFBC}") = "Game in Life", "Game in Life\Game in Life.csproj", "{4103C0E5-4ED9-465F-8593-FE0C435F88D9}"
EndProject
Global
	GlobalSection(SolutionConfigurationPlatforms) = preSolution
		Debug|Any CPU = Debug|Any CPU
		Release|Any CPU = Release|Any CPU
	EndGlobalSection
	GlobalSection(ProjectConfigurationPlatforms) = postSolution
		{4103C0E5-4ED9-465F-8593-FE0C435F88D9}.Debug|Any CPU.ActiveCfg = Debug|Any CPU
		{4103C0E5-4ED9-465F-8593-FE0C435F88D9}.Debug|Any CPU.Build.0 = Debug|Any CPU
		{4103C0E5-4ED9-465F-8593-FE0C435F88D9}.Release|Any CPU.ActiveCfg = Release|Any CPU
		{4103C0E5-4ED9-465F-8593-FE0C435F88D9}.Release|Any CPU.Build.0 = Release|Any CPU
	EndGlobalSection
	GlobalSection(SolutionProperties) = preSolution
		HideSolutionNode = FALSE
	EndGlobalSection
	GlobalSection(ExtensibilityGlobals) = postSolution
		SolutionGuid = {0AC11AAD-13BB-4F3A-994C-790C4E661C12}
	EndGlobalSection
EndGlobal
